{
  "name": "evievenode",
  "version": "0.0.1",
  "lockfileVersion": 3,
  "requires": true,
  "packages": {
    "": {
      "name": "evievenode",
      "version": "0.0.1",
      "license": "ISC",
      "devDependencies": {
        "@types/maxmsp": "^1.0.15",
        "typescript": "^5.9.3"
      }
    },
    "node_modules/@types/maxmsp": {
      "version": "1.0.15",
      "resolved": "https://registry.npmjs.org/@types/maxmsp/-/maxmsp-1.0.15.tgz",
      "integrity": "sha512-p2yhTP13jZIt2Bz5yGb/ovD/b+jkjRKuRmLb18LzTpwR1W6XeIBxjoiry15FvVE3Pi2nyo3IU6Ks+rQjUYCRfg==",
      "dev": true
    },
    "node_modules/typescript": {
      "version": "5.9.3",
      "resolved": "https://registry.npmjs.org/typescript/-/typescript-5.9.3.tgz",
      "integrity": "sha512-jl1vZzPDinLr9eUt3J/t7V6FgNEw9QjvBPdysz9KfQDD41fQrC2Y4vKQdiaUpFT4bXlb1RHhLpp8wtm6M5TgSw==",
      "dev": true,
      "bin": {
        "tsc": "bin/tsc",
        "tsserver": "bin/tsserver"
      },
      "engines": {
        "node": ">=14.17"
      }
    }
  }
}
